
Microsoft Visual Studio Solution File, Format Version 12.00
# Visual Studio Version 16
VisualStudioVersion = 16.0.31019.35
MinimumVisualStudioVersion = 10.0.40219.1
Project("{9A19103F-16F7-4668-BE54-9A1E7A4F7556}") = "IntakeApp", "IntakeApp\IntakeApp.csproj", "{E6545A96-1158-4591-98DC-76B19E850AA0}"
EndProject
Project("{9A19103F-16F7-4668-BE54-9A1E7A4F7556}") = "ArticleApis", "ArticleApis\ArticleApis.csproj", "{B4737060-9E77-4EAD-8ECD-9F71336BB7C7}"
EndProject
Global
	GlobalSection(SolutionConfigurationPlatforms) = preSolution
		Debug|Any CPU = Debug|Any CPU
		Release|Any CPU = Release|Any CPU
	EndGlobalSection
	GlobalSection(ProjectConfigurationPlatforms) = postSolution
		{E6545A96-1158-4591-98DC-76B19E850AA0}.Debug|Any CPU.ActiveCfg = Debug|Any CPU
		{E6545A96-1158-4591-98DC-76B19E850AA0}.Debug|Any CPU.Build.0 = Debug|Any CPU
		{E6545A96-1158-4591-98DC-76B19E850AA0}.Release|Any CPU.ActiveCfg = Release|Any CPU
		{E6545A96-1158-4591-98DC-76B19E850AA0}.Release|Any CPU.Build.0 = Release|Any CPU
		{B4737060-9E77-4EAD-8ECD-9F71336BB7C7}.Debug|Any CPU.ActiveCfg = Debug|Any CPU
		{B4737060-9E77-4EAD-8ECD-9F71336BB7C7}.Debug|Any CPU.Build.0 = Debug|Any CPU
		{B4737060-9E77-4EAD-8ECD-9F71336BB7C7}.Release|Any CPU.ActiveCfg = Release|Any CPU
		{B4737060-9E77-4EAD-8ECD-9F71336BB7C7}.Release|Any CPU.Build.0 = Release|Any CPU
	EndGlobalSection
	GlobalSection(SolutionProperties) = preSolution
		HideSolutionNode = FALSE
	EndGlobalSection
	GlobalSection(ExtensibilityGlobals) = postSolution
		SolutionGuid = {99298444-AD30-48E1-8612-7D891A479756}
	EndGlobalSection
EndGlobal
